
Microsoft Visual Studio Solution File, Format Version 12.00
# Visual Studio 2013
VisualStudioVersion = 12.0.40629.0
MinimumVisualStudioVersion = 10.0.40219.1
Project("{8BC9CEB8-8B4A-11D0-8D11-00A0C91BC942}") = "algorithms", "algorithms\algorithms.vcxproj", "{AFC9F663-D5A2-4BDF-A084-DE1B2DF969F5}"
EndProject
Project("{8BC9CEB8-8B4A-11D0-8D11-00A0C91BC942}") = "linked", "linked\linked.vcxproj", "{42D6A766-BA7D-4FF0-8625-3B2E2F882EEE}"
EndProject
Global
	GlobalSection(SolutionConfigurationPlatforms) = preSolution
		Debug|Win32 = Debug|Win32
		Debug|x64 = Debug|x64
		Release|Win32 = Release|Win32
		Release|x64 = Release|x64
	EndGlobalSection
	GlobalSection(ProjectConfigurationPlatforms) = postSolution
		{AFC9F663-D5A2-4BDF-A084-DE1B2DF969F5}.Debug|Win32.ActiveCfg = Debug|Win32
		{AFC9F663-D5A2-4BDF-A084-DE1B2DF969F5}.Debug|Win32.Build.0 = Debug|Win32
		{AFC9F663-D5A2-4BDF-A084-DE1B2DF969F5}.Debug|x64.ActiveCfg = Debug|x64
		{AFC9F663-D5A2-4BDF-A084-DE1B2DF969F5}.Debug|x64.Build.0 = Debug|x64
		{AFC9F663-D5A2-4BDF-A084-DE1B2DF969F5}.Release|Win32.ActiveCfg = Release|Win32
		{AFC9F663-D5A2-4BDF-A084-DE1B2DF969F5}.Release|Win32.Build.0 = Release|Win32
		{AFC9F663-D5A2-4BDF-A084-DE1B2DF969F5}.Release|x64.ActiveCfg = Release|x64
		{AFC9F663-D5A2-4BDF-A084-DE1B2DF969F5}.Release|x64.Build.0 = Release|x64
		{42D6A766-BA7D-4FF0-8625-3B2E2F882EEE}.Debug|Win32.ActiveCfg = Debug|Win32
		{42D6A766-BA7D-4FF0-8625-3B2E2F882EEE}.Debug|Win32.Build.0 = Debug|Win32
		{42D6A766-BA7D-4FF0-8625-3B2E2F882EEE}.Debug|x64.ActiveCfg = Debug|x64
		{42D6A766-BA7D-4FF0-8625-3B2E2F882EEE}.Debug|x64.Build.0 = Debug|x64
		{42D6A766-BA7D-4FF0-8625-3B2E2F882EEE}.Release|Win32.ActiveCfg = Release|Win32
		{42D6A766-BA7D-4FF0-8625-3B2E2F882EEE}.Release|Win32.Build.0 = Release|Win32
		{42D6A766-BA7D-4FF0-8625-3B2E2F882EEE}.Release|x64.ActiveCfg = Release|x64
		{42D6A766-BA7D-4FF0-8625-3B2E2F882EEE}.Release|x64.Build.0 = Release|x64
	EndGlobalSection
	GlobalSection(SolutionProperties) = preSolution
		HideSolutionNode = FALSE
	EndGlobalSection
EndGlobal
